
Microsoft Visual Studio Solution File, Format Version 12.00
# Visual Studio 15
VisualStudioVersion = 15.0.28307.1259
MinimumVisualStudioVersion = 10.0.40219.1
Project("{FAE04EC0-301F-11D3-BF4B-00C04F79EFBC}") = "WebScrapper", "WebScrapper\WebScrapper.csproj", "{599713C1-7790-4FC6-92AF-8C9B94191C45}"
EndProject
Global
	GlobalSection(SolutionConfigurationPlatforms) = preSolution
		Debug|Any CPU = Debug|Any CPU
		Release|Any CPU = Release|Any CPU
	EndGlobalSection
	GlobalSection(ProjectConfigurationPlatforms) = postSolution
		{599713C1-7790-4FC6-92AF-8C9B94191C45}.Debug|Any CPU.ActiveCfg = Debug|Any CPU
		{599713C1-7790-4FC6-92AF-8C9B94191C45}.Debug|Any CPU.Build.0 = Debug|Any CPU
		{599713C1-7790-4FC6-92AF-8C9B94191C45}.Release|Any CPU.ActiveCfg = Release|Any CPU
		{599713C1-7790-4FC6-92AF-8C9B94191C45}.Release|Any CPU.Build.0 = Release|Any CPU
	EndGlobalSection
	GlobalSection(SolutionProperties) = preSolution
		HideSolutionNode = FALSE
	EndGlobalSection
	GlobalSection(ExtensibilityGlobals) = postSolution
		SolutionGuid = {CA87B153-F690-46EC-9794-279C77B51D23}
	EndGlobalSection
EndGlobal
